
Microsoft Visual Studio Solution File, Format Version 12.00
# Visual Studio Version 16
VisualStudioVersion = 16.0.31112.23
MinimumVisualStudioVersion = 10.0.40219.1
Project("{FAE04EC0-301F-11D3-BF4B-00C04F79EFBC}") = "Fuvar", "Fuvar\Fuvar.csproj", "{AA90E063-AD28-40DE-AF0A-E1E5AF1ABF30}"
EndProject
Global
	GlobalSection(SolutionConfigurationPlatforms) = preSolution
		Debug|Any CPU = Debug|Any CPU
		Release|Any CPU = Release|Any CPU
	EndGlobalSection
	GlobalSection(ProjectConfigurationPlatforms) = postSolution
		{AA90E063-AD28-40DE-AF0A-E1E5AF1ABF30}.Debug|Any CPU.ActiveCfg = Debug|Any CPU
		{AA90E063-AD28-40DE-AF0A-E1E5AF1ABF30}.Debug|Any CPU.Build.0 = Debug|Any CPU
		{AA90E063-AD28-40DE-AF0A-E1E5AF1ABF30}.Release|Any CPU.ActiveCfg = Release|Any CPU
		{AA90E063-AD28-40DE-AF0A-E1E5AF1ABF30}.Release|Any CPU.Build.0 = Release|Any CPU
	EndGlobalSection
	GlobalSection(SolutionProperties) = preSolution
		HideSolutionNode = FALSE
	EndGlobalSection
	GlobalSection(ExtensibilityGlobals) = postSolution
		SolutionGuid = {CA48D719-B0A1-4753-B75A-35F75D990D8E}
	EndGlobalSection
EndGlobal
